<?xml version="1.0" encoding="utf-8"?>
<Project ToolsVersion="4.0" xmlns="http://schemas.microsoft.com/developer/msbuild/2003">
  <ItemGroup>
    <Filter Include="Archivos de encabezado">
      <UniqueIdentifier>{93995380-89BD-4b04-88EB-625FBE52EBFB}</UniqueIdentifier>
      <Extensions>h;hh;hpp;hxx;hm;inl;inc;ipp;xsd</Extensions>
    </Filter>
    <Filter Include="Archivos de origen">
      <UniqueIdentifier>{4FC737F1-C7A5-4376-A066-2A32D752A2FF}</UniqueIdentifier>
      <Extensions>cpp;c;cc;cxx;def;odl;idl;hpj;bat;asm;asmx</Extensions>
    </Filter>
    <Filter Include="Archivos de recursos">
      <UniqueIdentifier>{67DA6AB6-F800-4c08-8B7A-83BB121AAD01}</UniqueIdentifier>
      <Extensions>rc;ico;cur;bmp;dlg;rc2;rct;bin;rgs;gif;jpg;jpeg;jpe;resx;tiff;tif;png;wav;mfcribbon-ms</Extensions>
    </Filter>
    <Filter Include="Archivos de encabezado\Adicional GUI">
      <UniqueIdentifier>{ede8dba0-5b7e-447b-bfeb-267648395930}</UniqueIdentifier>
    </Filter>
    <Filter Include="Archivos de origen\Adicional GUI">
      <UniqueIdentifier>{a5056ac2-1074-4fe5-85f1-a6b074b99570}</UniqueIdentifier>
    </Filter>
    <Filter Include="Archivos de encabezado\Code">
      <UniqueIdentifier>{500b9a86-7ab0-493a-9880-844623ed597e}</UniqueIdentifier>
    </Filter>
    <Filter Include="Archivos de origen\Code">
      <UniqueIdentifier>{f3f355af-233a-4dba-b291-72a4e183f0a1}</UniqueIdentifier>
    </Filter>
  </ItemGroup>
  <ItemGroup>
    <ResourceCompile Include="app.rc">
      <Filter>Archivos de recursos</Filter>
    </ResourceCompile>
  </ItemGroup>
  <ItemGroup>
    <ClInclude Include="VentanaMain.h">
      <Filter>Archivos de encabezado</Filter>
    </ClInclude>
    <ClInclude Include="pch.h">
      <Filter>Archivos de encabezado\Adicional GUI</Filter>
    </ClInclude>
    <ClInclude Include="Resource.h">
      <Filter>Archivos de encabezado\Adicional GUI</Filter>
    </ClInclude>
    <ClInclude Include="Cine.h">
      <Filter>Archivos de encabezado\Code</Filter>
    </ClInclude>
    <ClInclude Include="Sala.h">
      <Filter>Archivos de encabezado\Code</Filter>
    </ClInclude>
    <ClInclude Include="Butaca.h">
      <Filter>Archivos de encabezado\Code</Filter>
    </ClInclude>
    <ClInclude Include="CategoriaPelicula.h">
      <Filter>Archivos de encabezado\Code</Filter>
    </ClInclude>
    <ClInclude Include="Cliente.h">
      <Filter>Archivos de encabezado\Code</Filter>
    </ClInclude>
    <ClInclude Include="Fecha.h">
      <Filter>Archivos de encabezado\Code</Filter>
    </ClInclude>
    <ClInclude Include="FuncionDeCine.h">
      <Filter>Archivos de encabezado\Code</Filter>
    </ClInclude>
    <ClInclude Include="Hora.h">
      <Filter>Archivos de encabezado\Code</Filter>
    </ClInclude>
    <ClInclude Include="Pelicula.h">
      <Filter>Archivos de encabezado\Code</Filter>
    </ClInclude>
    <ClInclude Include="Persona.h">
      <Filter>Archivos de encabezado\Code</Filter>
    </ClInclude>
    <ClInclude Include="Reserva.h">
      <Filter>Archivos de encabezado\Code</Filter>
    </ClInclude>
    <ClInclude Include="Taquilla.h">
      <Filter>Archivos de encabezado\Code</Filter>
    </ClInclude>
    <ClInclude Include="Taquillero.h">
      <Filter>Archivos de encabezado\Code</Filter>
    </ClInclude>
    <ClInclude Include="TipoSala.h">
      <Filter>Archivos de encabezado\Code</Filter>
    </ClInclude>
    <ClInclude Include="Usuario.h">
      <Filter>Archivos de encabezado\Code</Filter>
    </ClInclude>
  </ItemGroup>
  <ItemGroup>
    <ClCompile Include="AssemblyInfo.cpp">
      <Filter>Archivos de origen\Adicional GUI</Filter>
    </ClCompile>
    <ClCompile Include="pch.cpp">
      <Filter>Archivos de origen\Adicional GUI</Filter>
    </ClCompile>
    <ClCompile Include="VentanaMain.cpp">
      <Filter>Archivos de origen\Adicional GUI</Filter>
    </ClCompile>
    <ClCompile Include="WinFormsProject.cpp">
      <Filter>Archivos de origen\Adicional GUI</Filter>
    </ClCompile>
    <ClCompile Include="Cine.cpp">
      <Filter>Archivos de origen\Code</Filter>
    </ClCompile>
    <ClCompile Include="Sala.cpp">
      <Filter>Archivos de origen\Code</Filter>
    </ClCompile>
    <ClCompile Include="Butaca.cpp">
      <Filter>Archivos de origen\Code</Filter>
    </ClCompile>
    <ClCompile Include="CategoriaPelicula.cpp">
      <Filter>Archivos de origen\Code</Filter>
    </ClCompile>
    <ClCompile Include="Cliente.cpp">
      <Filter>Archivos de origen\Code</Filter>
    </ClCompile>
    <ClCompile Include="Fecha.cpp">
      <Filter>Archivos de origen\Code</Filter>
    </ClCompile>
    <ClCompile Include="FuncionDeCine.cpp">
      <Filter>Archivos de origen\Code</Filter>
    </ClCompile>
    <ClCompile Include="Hora.cpp">
      <Filter>Archivos de origen\Code</Filter>
    </ClCompile>
    <ClCompile Include="Pelicula.cpp">
      <Filter>Archivos de origen\Code</Filter>
    </ClCompile>
    <ClCompile Include="Persona.cpp">
      <Filter>Archivos de origen\Code</Filter>
    </ClCompile>
    <ClCompile Include="Reserva.cpp">
      <Filter>Archivos de origen\Code</Filter>
    </ClCompile>
    <ClCompile Include="Taquilla.cpp">
      <Filter>Archivos de origen\Code</Filter>
    </ClCompile>
    <ClCompile Include="Taquillero.cpp">
      <Filter>Archivos de origen\Code</Filter>
    </ClCompile>
    <ClCompile Include="TipoSala.cpp">
      <Filter>Archivos de origen\Code</Filter>
    </ClCompile>
    <ClCompile Include="Usuario.cpp">
      <Filter>Archivos de origen\Code</Filter>
    </ClCompile>
  </ItemGroup>
  <ItemGroup>
    <Image Include="app.ico">
      <Filter>Archivos de recursos</Filter>
    </Image>
  </ItemGroup>
</Project>